
Microsoft Visual Studio Solution File, Format Version 12.00
# Visual Studio Version 18
VisualStudioVersion = 18.1.11312.151 d18.0
MinimumVisualStudioVersion = 10.0.40219.1
Project("{9A19103F-16F7-4668-BE54-9A1E7A4F7556}") = "GroceryList.Server", "GroceryList.Server\GroceryList.Server.csproj", "{70A6241A-17A0-4D16-9CD4-7B6E5EAE78C8}"
EndProject
Project("{9A19103F-16F7-4668-BE54-9A1E7A4F7556}") = "GroceryList.BlazorClient", "GroceryList.BlazorClient\GroceryList.BlazorClient.csproj", "{6D550923-4B06-493A-9A64-E9A0DD0BE3F9}"
EndProject
Project("{9A19103F-16F7-4668-BE54-9A1E7A4F7556}") = "GroceryList.Shared", "GroceryList.Shared\GroceryList.Shared.csproj", "{701D0048-3847-44B7-BB9F-491D88FFC03C}"
EndProject
Global
	GlobalSection(SolutionConfigurationPlatforms) = preSolution
		Debug|Any CPU = Debug|Any CPU
		Release|Any CPU = Release|Any CPU
	EndGlobalSection
	GlobalSection(ProjectConfigurationPlatforms) = postSolution
		{70A6241A-17A0-4D16-9CD4-7B6E5EAE78C8}.Debug|Any CPU.ActiveCfg = Debug|Any CPU
		{70A6241A-17A0-4D16-9CD4-7B6E5EAE78C8}.Debug|Any CPU.Build.0 = Debug|Any CPU
		{70A6241A-17A0-4D16-9CD4-7B6E5EAE78C8}.Release|Any CPU.ActiveCfg = Release|Any CPU
		{70A6241A-17A0-4D16-9CD4-7B6E5EAE78C8}.Release|Any CPU.Build.0 = Release|Any CPU
		{6D550923-4B06-493A-9A64-E9A0DD0BE3F9}.Debug|Any CPU.ActiveCfg = Debug|Any CPU
		{6D550923-4B06-493A-9A64-E9A0DD0BE3F9}.Debug|Any CPU.Build.0 = Debug|Any CPU
		{6D550923-4B06-493A-9A64-E9A0DD0BE3F9}.Release|Any CPU.ActiveCfg = Release|Any CPU
		{6D550923-4B06-493A-9A64-E9A0DD0BE3F9}.Release|Any CPU.Build.0 = Release|Any CPU
		{701D0048-3847-44B7-BB9F-491D88FFC03C}.Debug|Any CPU.ActiveCfg = Debug|Any CPU
		{701D0048-3847-44B7-BB9F-491D88FFC03C}.Debug|Any CPU.Build.0 = Debug|Any CPU
		{701D0048-3847-44B7-BB9F-491D88FFC03C}.Release|Any CPU.ActiveCfg = Release|Any CPU
		{701D0048-3847-44B7-BB9F-491D88FFC03C}.Release|Any CPU.Build.0 = Release|Any CPU
	EndGlobalSection
	GlobalSection(SolutionProperties) = preSolution
		HideSolutionNode = FALSE
	EndGlobalSection
	GlobalSection(ExtensibilityGlobals) = postSolution
		SolutionGuid = {D9B5CAF6-8CD4-437D-A126-DB084074BF58}
	EndGlobalSection
EndGlobal
